
Microsoft Visual Studio Solution File, Format Version 12.00
# Visual Studio 15
VisualStudioVersion = 15.0.28307.779
MinimumVisualStudioVersion = 10.0.40219.1
Project("{E24C65DC-7377-472B-9ABA-BC803B73C61A}") = "fox", ".", "{267E26C7-FD37-4A7D-B960-CDCC0B359080}"
	ProjectSection(WebsiteProperties) = preProject
		TargetFrameworkMoniker = ".NETFramework,Version%3Dv4.0"
		Debug.AspNetCompiler.VirtualPath = "/localhost_60474"
		Debug.AspNetCompiler.PhysicalPath = "D:\Deivisson\ProjetoWebAPI\Em Andamento\fox\"
		Debug.AspNetCompiler.TargetPath = "PrecompiledWeb\localhost_60474\"
		Debug.AspNetCompiler.Updateable = "true"
		Debug.AspNetCompiler.ForceOverwrite = "true"
		Debug.AspNetCompiler.FixedNames = "false"
		Debug.AspNetCompiler.Debug = "True"
		Release.AspNetCompiler.VirtualPath = "/localhost_60474"
		Release.AspNetCompiler.PhysicalPath = "D:\Deivisson\ProjetoWebAPI\Em Andamento\fox\"
		Release.AspNetCompiler.TargetPath = "PrecompiledWeb\localhost_60474\"
		Release.AspNetCompiler.Updateable = "true"
		Release.AspNetCompiler.ForceOverwrite = "true"
		Release.AspNetCompiler.FixedNames = "false"
		Release.AspNetCompiler.Debug = "False"
		VWDPort = "60474"
	EndProjectSection
EndProject
Global
	GlobalSection(SolutionConfigurationPlatforms) = preSolution
		Debug|Any CPU = Debug|Any CPU
	EndGlobalSection
	GlobalSection(ProjectConfigurationPlatforms) = postSolution
		{267E26C7-FD37-4A7D-B960-CDCC0B359080}.Debug|Any CPU.ActiveCfg = Debug|Any CPU
		{267E26C7-FD37-4A7D-B960-CDCC0B359080}.Debug|Any CPU.Build.0 = Debug|Any CPU
	EndGlobalSection
	GlobalSection(SolutionProperties) = preSolution
		HideSolutionNode = FALSE
	EndGlobalSection
	GlobalSection(ExtensibilityGlobals) = postSolution
		SolutionGuid = {641174EF-E65E-460E-9C76-3AA843490B20}
	EndGlobalSection
EndGlobal
